Microsoft Visual Studio Solution File, Format Version 12.00
# Visual Studio 2012
Project("{FAE04EC0-301F-11D3-BF4B-00C04F79EFBC}") = "LevelBuilder", "LevelBuilder.csproj", "{A24114D6-D591-463D-A398-D00666D24196}"
EndProject
Global
	GlobalSection(SolutionConfigurationPlatforms) = preSolution
	Debug|Any CPU = Debug|Any CPU
	ExportDebug|Any CPU = ExportDebug|Any CPU
	ExportRelease|Any CPU = ExportRelease|Any CPU
	EndGlobalSection
	GlobalSection(ProjectConfigurationPlatforms) = postSolution
		{A24114D6-D591-463D-A398-D00666D24196}.Debug|Any CPU.ActiveCfg = Debug|Any CPU
		{A24114D6-D591-463D-A398-D00666D24196}.Debug|Any CPU.Build.0 = Debug|Any CPU
		{A24114D6-D591-463D-A398-D00666D24196}.ExportDebug|Any CPU.ActiveCfg = ExportDebug|Any CPU
		{A24114D6-D591-463D-A398-D00666D24196}.ExportDebug|Any CPU.Build.0 = ExportDebug|Any CPU
		{A24114D6-D591-463D-A398-D00666D24196}.ExportRelease|Any CPU.ActiveCfg = ExportRelease|Any CPU
		{A24114D6-D591-463D-A398-D00666D24196}.ExportRelease|Any CPU.Build.0 = ExportRelease|Any CPU
	EndGlobalSection
EndGlobal
